
Microsoft Visual Studio Solution File, Format Version 12.00
# Visual Studio 15
VisualStudioVersion = 15.0.27703.2018
MinimumVisualStudioVersion = 10.0.40219.1
Project("{FAE04EC0-301F-11D3-BF4B-00C04F79EFBC}") = "BikeStore", "BikeStore\BikeStore.csproj", "{6608F42B-FE3C-4A65-87E7-F53B457EEBE5}"
EndProject
Project("{FAE04EC0-301F-11D3-BF4B-00C04F79EFBC}") = "BikeStore.Tests", "BikeStore.Tests\BikeStore.Tests.csproj", "{4A6F6064-3374-44C3-A555-00F5A304B6DD}"
EndProject
Global
	GlobalSection(SolutionConfigurationPlatforms) = preSolution
		Debug|Any CPU = Debug|Any CPU
		Release|Any CPU = Release|Any CPU
	EndGlobalSection
	GlobalSection(ProjectConfigurationPlatforms) = postSolution
		{6608F42B-FE3C-4A65-87E7-F53B457EEBE5}.Debug|Any CPU.ActiveCfg = Debug|Any CPU
		{6608F42B-FE3C-4A65-87E7-F53B457EEBE5}.Debug|Any CPU.Build.0 = Debug|Any CPU
		{6608F42B-FE3C-4A65-87E7-F53B457EEBE5}.Release|Any CPU.ActiveCfg = Release|Any CPU
		{6608F42B-FE3C-4A65-87E7-F53B457EEBE5}.Release|Any CPU.Build.0 = Release|Any CPU
		{4A6F6064-3374-44C3-A555-00F5A304B6DD}.Debug|Any CPU.ActiveCfg = Debug|Any CPU
		{4A6F6064-3374-44C3-A555-00F5A304B6DD}.Debug|Any CPU.Build.0 = Debug|Any CPU
		{4A6F6064-3374-44C3-A555-00F5A304B6DD}.Release|Any CPU.ActiveCfg = Release|Any CPU
		{4A6F6064-3374-44C3-A555-00F5A304B6DD}.Release|Any CPU.Build.0 = Release|Any CPU
	EndGlobalSection
	GlobalSection(SolutionProperties) = preSolution
		HideSolutionNode = FALSE
	EndGlobalSection
	GlobalSection(ExtensibilityGlobals) = postSolution
		SolutionGuid = {7623F098-B389-46EF-90F3-753DCE085B1E}
	EndGlobalSection
EndGlobal
